
Microsoft Visual Studio Solution File, Format Version 12.00
# Visual Studio Version 17
VisualStudioVersion = 17.8.34525.116
MinimumVisualStudioVersion = 10.0.40219.1
Project("{8BC9CEB8-8B4A-11D0-8D11-00A0C91BC942}") = "Homework-17.04.2024-перегрузка операторов операций", "Homework-17.04.2024-перегрузка операторов операций\Homework-17.04.2024-перегрузка операторов операций.vcxproj", "{2B067112-CF98-4C31-AD05-B8344888750A}"
EndProject
Global
	GlobalSection(SolutionConfigurationPlatforms) = preSolution
		Debug|x64 = Debug|x64
		Debug|x86 = Debug|x86
		Release|x64 = Release|x64
		Release|x86 = Release|x86
	EndGlobalSection
	GlobalSection(ProjectConfigurationPlatforms) = postSolution
		{2B067112-CF98-4C31-AD05-B8344888750A}.Debug|x64.ActiveCfg = Debug|x64
		{2B067112-CF98-4C31-AD05-B8344888750A}.Debug|x64.Build.0 = Debug|x64
		{2B067112-CF98-4C31-AD05-B8344888750A}.Debug|x86.ActiveCfg = Debug|Win32
		{2B067112-CF98-4C31-AD05-B8344888750A}.Debug|x86.Build.0 = Debug|Win32
		{2B067112-CF98-4C31-AD05-B8344888750A}.Release|x64.ActiveCfg = Release|x64
		{2B067112-CF98-4C31-AD05-B8344888750A}.Release|x64.Build.0 = Release|x64
		{2B067112-CF98-4C31-AD05-B8344888750A}.Release|x86.ActiveCfg = Release|Win32
		{2B067112-CF98-4C31-AD05-B8344888750A}.Release|x86.Build.0 = Release|Win32
	EndGlobalSection
	GlobalSection(SolutionProperties) = preSolution
		HideSolutionNode = FALSE
	EndGlobalSection
	GlobalSection(ExtensibilityGlobals) = postSolution
		SolutionGuid = {DB94F988-D289-4559-BAAC-0E7AF6F0F264}
	EndGlobalSection
EndGlobal
